
Microsoft Visual Studio Solution File, Format Version 12.00
# Visual Studio Version 17
VisualStudioVersion = 17.9.34723.18
MinimumVisualStudioVersion = 10.0.40219.1
Project("{FAE04EC0-301F-11D3-BF4B-00C04F79EFBC}") = "ClinicAPI", "ClinicAPI\ClinicAPI.csproj", "{DDF9B711-F84B-490E-8F5A-BE12B9507F4B}"
EndProject
Global
	GlobalSection(SolutionConfigurationPlatforms) = preSolution
		Debug|Any CPU = Debug|Any CPU
		Release|Any CPU = Release|Any CPU
	EndGlobalSection
	GlobalSection(ProjectConfigurationPlatforms) = postSolution
		{DDF9B711-F84B-490E-8F5A-BE12B9507F4B}.Debug|Any CPU.ActiveCfg = Debug|Any CPU
		{DDF9B711-F84B-490E-8F5A-BE12B9507F4B}.Debug|Any CPU.Build.0 = Debug|Any CPU
		{DDF9B711-F84B-490E-8F5A-BE12B9507F4B}.Release|Any CPU.ActiveCfg = Release|Any CPU
		{DDF9B711-F84B-490E-8F5A-BE12B9507F4B}.Release|Any CPU.Build.0 = Release|Any CPU
	EndGlobalSection
	GlobalSection(SolutionProperties) = preSolution
		HideSolutionNode = FALSE
	EndGlobalSection
	GlobalSection(ExtensibilityGlobals) = postSolution
		SolutionGuid = {A90D0C88-2931-464F-BE2C-037D5D5F3DFC}
	EndGlobalSection
EndGlobal
