
Microsoft Visual Studio Solution File, Format Version 12.00
# Visual Studio Version 17
VisualStudioVersion = 17.9.34723.18
MinimumVisualStudioVersion = 10.0.40219.1
Project("{FAE04EC0-301F-11D3-BF4B-00C04F79EFBC}") = "CowsBullsApplication", "CowsBullsApplication\CowsBullsApplication.csproj", "{5544999A-FABB-42AF-A36C-376276CA205E}"
EndProject
Global
	GlobalSection(SolutionConfigurationPlatforms) = preSolution
		Debug|Any CPU = Debug|Any CPU
		Release|Any CPU = Release|Any CPU
	EndGlobalSection
	GlobalSection(ProjectConfigurationPlatforms) = postSolution
		{5544999A-FABB-42AF-A36C-376276CA205E}.Debug|Any CPU.ActiveCfg = Debug|Any CPU
		{5544999A-FABB-42AF-A36C-376276CA205E}.Debug|Any CPU.Build.0 = Debug|Any CPU
		{5544999A-FABB-42AF-A36C-376276CA205E}.Release|Any CPU.ActiveCfg = Release|Any CPU
		{5544999A-FABB-42AF-A36C-376276CA205E}.Release|Any CPU.Build.0 = Release|Any CPU
	EndGlobalSection
	GlobalSection(SolutionProperties) = preSolution
		HideSolutionNode = FALSE
	EndGlobalSection
	GlobalSection(ExtensibilityGlobals) = postSolution
		SolutionGuid = {E9D7D8B4-BB11-467A-B10F-D8B75CA5A428}
	EndGlobalSection
EndGlobal
