
Microsoft Visual Studio Solution File, Format Version 12.00
# Visual Studio Version 17
VisualStudioVersion = 17.9.34723.18
MinimumVisualStudioVersion = 10.0.40219.1
Project("{9A19103F-16F7-4668-BE54-9A1E7A4F7556}") = "RoleBasedAuthenticationAPI", "RoleBasedAuthenticationAPI\RoleBasedAuthenticationAPI.csproj", "{E26BA600-57AB-489E-B6A9-83AA9DB3DF53}"
EndProject
Project("{FAE04EC0-301F-11D3-BF4B-00C04F79EFBC}") = "RoleBasedAuthTest", "RoleBasedAuthTest\RoleBasedAuthTest.csproj", "{828E6049-D30D-4EF4-B941-B02C6A988914}"
EndProject
Global
	GlobalSection(SolutionConfigurationPlatforms) = preSolution
		Debug|Any CPU = Debug|Any CPU
		Release|Any CPU = Release|Any CPU
	EndGlobalSection
	GlobalSection(ProjectConfigurationPlatforms) = postSolution
		{E26BA600-57AB-489E-B6A9-83AA9DB3DF53}.Debug|Any CPU.ActiveCfg = Debug|Any CPU
		{E26BA600-57AB-489E-B6A9-83AA9DB3DF53}.Debug|Any CPU.Build.0 = Debug|Any CPU
		{E26BA600-57AB-489E-B6A9-83AA9DB3DF53}.Release|Any CPU.ActiveCfg = Release|Any CPU
		{E26BA600-57AB-489E-B6A9-83AA9DB3DF53}.Release|Any CPU.Build.0 = Release|Any CPU
		{828E6049-D30D-4EF4-B941-B02C6A988914}.Debug|Any CPU.ActiveCfg = Debug|Any CPU
		{828E6049-D30D-4EF4-B941-B02C6A988914}.Debug|Any CPU.Build.0 = Debug|Any CPU
		{828E6049-D30D-4EF4-B941-B02C6A988914}.Release|Any CPU.ActiveCfg = Release|Any CPU
		{828E6049-D30D-4EF4-B941-B02C6A988914}.Release|Any CPU.Build.0 = Release|Any CPU
	EndGlobalSection
	GlobalSection(SolutionProperties) = preSolution
		HideSolutionNode = FALSE
	EndGlobalSection
	GlobalSection(ExtensibilityGlobals) = postSolution
		SolutionGuid = {1D07766E-A7B6-4FF7-B004-EA8C1ACEAE71}
	EndGlobalSection
EndGlobal
