
Microsoft Visual Studio Solution File, Format Version 12.00
# Visual Studio Version 17
VisualStudioVersion = 17.9.34723.18
MinimumVisualStudioVersion = 10.0.40219.1
Project("{FAE04EC0-301F-11D3-BF4B-00C04F79EFBC}") = "RequestTrackerApplication", "RequestTrackerApplication\RequestTrackerApplication.csproj", "{EB89F9B9-8905-4B1E-B0B9-16C2A53BEFC4}"
EndProject
Project("{FAE04EC0-301F-11D3-BF4B-00C04F79EFBC}") = "RequestTrackerDALLibrary", "RequestTrackerDALLibrary\RequestTrackerDALLibrary.csproj", "{7CBFC682-DC95-4659-ABC9-EC7E572DE480}"
EndProject
Project("{FAE04EC0-301F-11D3-BF4B-00C04F79EFBC}") = "RequestTrackerModelLibrary", "RequestTrackerModelLibrary\RequestTrackerModelLibrary.csproj", "{8F03E2E5-D85C-4ACD-87C0-59C1C65459B9}"
EndProject
Global
	GlobalSection(SolutionConfigurationPlatforms) = preSolution
		Debug|Any CPU = Debug|Any CPU
		Release|Any CPU = Release|Any CPU
	EndGlobalSection
	GlobalSection(ProjectConfigurationPlatforms) = postSolution
		{EB89F9B9-8905-4B1E-B0B9-16C2A53BEFC4}.Debug|Any CPU.ActiveCfg = Debug|Any CPU
		{EB89F9B9-8905-4B1E-B0B9-16C2A53BEFC4}.Debug|Any CPU.Build.0 = Debug|Any CPU
		{EB89F9B9-8905-4B1E-B0B9-16C2A53BEFC4}.Release|Any CPU.ActiveCfg = Release|Any CPU
		{EB89F9B9-8905-4B1E-B0B9-16C2A53BEFC4}.Release|Any CPU.Build.0 = Release|Any CPU
		{7CBFC682-DC95-4659-ABC9-EC7E572DE480}.Debug|Any CPU.ActiveCfg = Debug|Any CPU
		{7CBFC682-DC95-4659-ABC9-EC7E572DE480}.Debug|Any CPU.Build.0 = Debug|Any CPU
		{7CBFC682-DC95-4659-ABC9-EC7E572DE480}.Release|Any CPU.ActiveCfg = Release|Any CPU
		{7CBFC682-DC95-4659-ABC9-EC7E572DE480}.Release|Any CPU.Build.0 = Release|Any CPU
		{8F03E2E5-D85C-4ACD-87C0-59C1C65459B9}.Debug|Any CPU.ActiveCfg = Debug|Any CPU
		{8F03E2E5-D85C-4ACD-87C0-59C1C65459B9}.Debug|Any CPU.Build.0 = Debug|Any CPU
		{8F03E2E5-D85C-4ACD-87C0-59C1C65459B9}.Release|Any CPU.ActiveCfg = Release|Any CPU
		{8F03E2E5-D85C-4ACD-87C0-59C1C65459B9}.Release|Any CPU.Build.0 = Release|Any CPU
	EndGlobalSection
	GlobalSection(SolutionProperties) = preSolution
		HideSolutionNode = FALSE
	EndGlobalSection
	GlobalSection(ExtensibilityGlobals) = postSolution
		SolutionGuid = {8AE42B75-B387-45FD-AC69-F85EAECBE951}
	EndGlobalSection
EndGlobal
